
Microsoft Visual Studio Solution File, Format Version 12.00
# Visual Studio Version 17
VisualStudioVersion = 17.5.002.0
MinimumVisualStudioVersion = 10.0.40219.1
Project("{2150E333-8FDC-42A3-9474-1A3956D46DE8}") = "8.C#", "8.C#", "{7C5E0B33-5B41-4DDC-8B8F-F5CA748A2133}"
EndProject
Project("{9A19103F-16F7-4668-BE54-9A1E7A4F7556}") = "app", "8.C#\1.basic\app.csproj", "{A7BAF6C7-0848-4C58-9C64-DE4E7B8D638B}"
EndProject
Project("{9A19103F-16F7-4668-BE54-9A1E7A4F7556}") = "operators", "8.C#\2.operators\operators.csproj", "{35F232F7-68C3-443B-9B7B-AC542AA7388E}"
EndProject
Project("{9A19103F-16F7-4668-BE54-9A1E7A4F7556}") = "3.Conditionals", "8.C#\3.Conditionals\3.Conditionals.csproj", "{F0F79468-E4D3-481E-9881-5BEA11F6B2C6}"
EndProject
Project("{9A19103F-16F7-4668-BE54-9A1E7A4F7556}") = "4.Bucles", "8.C#\4.Bucles\4.Bucles.csproj", "{AE37AE8D-6DF5-43E0-B6D8-101FCDBAEE4A}"
EndProject
Project("{9A19103F-16F7-4668-BE54-9A1E7A4F7556}") = "5.JumpStatements", "8.C#\5.JumpStatements\5.JumpStatements.csproj", "{6ABAECAA-13F2-409D-BC1B-2ED1D34999E9}"
EndProject
Project("{9A19103F-16F7-4668-BE54-9A1E7A4F7556}") = "6.Matrices_Cadenas", "8.C#\6.Matrices_Cadenas\6.Matrices_Cadenas.csproj", "{38FF23E2-49F5-4A74-BC79-6D26F39CB101}"
EndProject
Global
	GlobalSection(SolutionConfigurationPlatforms) = preSolution
		Debug|Any CPU = Debug|Any CPU
		Release|Any CPU = Release|Any CPU
	EndGlobalSection
	GlobalSection(ProjectConfigurationPlatforms) = postSolution
		{A7BAF6C7-0848-4C58-9C64-DE4E7B8D638B}.Debug|Any CPU.ActiveCfg = Debug|Any CPU
		{A7BAF6C7-0848-4C58-9C64-DE4E7B8D638B}.Debug|Any CPU.Build.0 = Debug|Any CPU
		{A7BAF6C7-0848-4C58-9C64-DE4E7B8D638B}.Release|Any CPU.ActiveCfg = Release|Any CPU
		{A7BAF6C7-0848-4C58-9C64-DE4E7B8D638B}.Release|Any CPU.Build.0 = Release|Any CPU
		{35F232F7-68C3-443B-9B7B-AC542AA7388E}.Debug|Any CPU.ActiveCfg = Debug|Any CPU
		{35F232F7-68C3-443B-9B7B-AC542AA7388E}.Debug|Any CPU.Build.0 = Debug|Any CPU
		{35F232F7-68C3-443B-9B7B-AC542AA7388E}.Release|Any CPU.ActiveCfg = Release|Any CPU
		{35F232F7-68C3-443B-9B7B-AC542AA7388E}.Release|Any CPU.Build.0 = Release|Any CPU
		{F0F79468-E4D3-481E-9881-5BEA11F6B2C6}.Debug|Any CPU.ActiveCfg = Debug|Any CPU
		{F0F79468-E4D3-481E-9881-5BEA11F6B2C6}.Debug|Any CPU.Build.0 = Debug|Any CPU
		{F0F79468-E4D3-481E-9881-5BEA11F6B2C6}.Release|Any CPU.ActiveCfg = Release|Any CPU
		{F0F79468-E4D3-481E-9881-5BEA11F6B2C6}.Release|Any CPU.Build.0 = Release|Any CPU
		{AE37AE8D-6DF5-43E0-B6D8-101FCDBAEE4A}.Debug|Any CPU.ActiveCfg = Debug|Any CPU
		{AE37AE8D-6DF5-43E0-B6D8-101FCDBAEE4A}.Debug|Any CPU.Build.0 = Debug|Any CPU
		{AE37AE8D-6DF5-43E0-B6D8-101FCDBAEE4A}.Release|Any CPU.ActiveCfg = Release|Any CPU
		{AE37AE8D-6DF5-43E0-B6D8-101FCDBAEE4A}.Release|Any CPU.Build.0 = Release|Any CPU
		{6ABAECAA-13F2-409D-BC1B-2ED1D34999E9}.Debug|Any CPU.ActiveCfg = Debug|Any CPU
		{6ABAECAA-13F2-409D-BC1B-2ED1D34999E9}.Debug|Any CPU.Build.0 = Debug|Any CPU
		{6ABAECAA-13F2-409D-BC1B-2ED1D34999E9}.Release|Any CPU.ActiveCfg = Release|Any CPU
		{6ABAECAA-13F2-409D-BC1B-2ED1D34999E9}.Release|Any CPU.Build.0 = Release|Any CPU
		{38FF23E2-49F5-4A74-BC79-6D26F39CB101}.Debug|Any CPU.ActiveCfg = Debug|Any CPU
		{38FF23E2-49F5-4A74-BC79-6D26F39CB101}.Debug|Any CPU.Build.0 = Debug|Any CPU
		{38FF23E2-49F5-4A74-BC79-6D26F39CB101}.Release|Any CPU.ActiveCfg = Release|Any CPU
		{38FF23E2-49F5-4A74-BC79-6D26F39CB101}.Release|Any CPU.Build.0 = Release|Any CPU
	EndGlobalSection
	GlobalSection(SolutionProperties) = preSolution
		HideSolutionNode = FALSE
	EndGlobalSection
	GlobalSection(NestedProjects) = preSolution
		{A7BAF6C7-0848-4C58-9C64-DE4E7B8D638B} = {7C5E0B33-5B41-4DDC-8B8F-F5CA748A2133}
		{35F232F7-68C3-443B-9B7B-AC542AA7388E} = {7C5E0B33-5B41-4DDC-8B8F-F5CA748A2133}
		{F0F79468-E4D3-481E-9881-5BEA11F6B2C6} = {7C5E0B33-5B41-4DDC-8B8F-F5CA748A2133}
		{AE37AE8D-6DF5-43E0-B6D8-101FCDBAEE4A} = {7C5E0B33-5B41-4DDC-8B8F-F5CA748A2133}
		{6ABAECAA-13F2-409D-BC1B-2ED1D34999E9} = {7C5E0B33-5B41-4DDC-8B8F-F5CA748A2133}
		{38FF23E2-49F5-4A74-BC79-6D26F39CB101} = {7C5E0B33-5B41-4DDC-8B8F-F5CA748A2133}
	EndGlobalSection
	GlobalSection(ExtensibilityGlobals) = postSolution
		SolutionGuid = {059105AF-1F2F-4338-BC94-1BEE53F3FD62}
	EndGlobalSection
EndGlobal
